
Microsoft Visual Studio Solution File, Format Version 12.00
# Visual Studio Version 17
VisualStudioVersion = 17.13.35825.156 d17.13
MinimumVisualStudioVersion = 10.0.40219.1
Project("{FAE04EC0-301F-11D3-BF4B-00C04F79EFBC}") = "Курасач", "Курасач\Курасач.csproj", "{302BFADC-59A3-46D4-9259-13748499C099}"
EndProject
Global
	GlobalSection(SolutionConfigurationPlatforms) = preSolution
		Debug|Any CPU = Debug|Any CPU
		Release|Any CPU = Release|Any CPU
	EndGlobalSection
	GlobalSection(ProjectConfigurationPlatforms) = postSolution
		{302BFADC-59A3-46D4-9259-13748499C099}.Debug|Any CPU.ActiveCfg = Debug|Any CPU
		{302BFADC-59A3-46D4-9259-13748499C099}.Debug|Any CPU.Build.0 = Debug|Any CPU
		{302BFADC-59A3-46D4-9259-13748499C099}.Release|Any CPU.ActiveCfg = Release|Any CPU
		{302BFADC-59A3-46D4-9259-13748499C099}.Release|Any CPU.Build.0 = Release|Any CPU
	EndGlobalSection
	GlobalSection(SolutionProperties) = preSolution
		HideSolutionNode = FALSE
	EndGlobalSection
	GlobalSection(ExtensibilityGlobals) = postSolution
		SolutionGuid = {7133A824-CC10-4B7E-AF50-596FABDD55A9}
	EndGlobalSection
EndGlobal
